
Microsoft Visual Studio Solution File, Format Version 12.00
# Visual Studio Version 16
VisualStudioVersion = 16.0.29613.14
MinimumVisualStudioVersion = 10.0.40219.1
Project("{9A19103F-16F7-4668-BE54-9A1E7A4F7556}") = "ex_01", "ex_01\ex_01.csproj", "{055C0C90-7F93-4FA7-B70C-09F924238534}"
EndProject
Project("{9A19103F-16F7-4668-BE54-9A1E7A4F7556}") = "rappel_ex01", "rappel_ex01\rappel_ex01.csproj", "{30CDD1CE-F467-45C6-84F1-0F5E7DC050D7}"
EndProject
Project("{FAE04EC0-301F-11D3-BF4B-00C04F79EFBC}") = "rappel_ex_03", "rappel_ex_03\rappel_ex_03.csproj", "{E281142F-A9C2-4ADB-887E-A0C90EF8AF8D}"
EndProject
Global
	GlobalSection(SolutionConfigurationPlatforms) = preSolution
		Debug|Any CPU = Debug|Any CPU
		Release|Any CPU = Release|Any CPU
	EndGlobalSection
	GlobalSection(ProjectConfigurationPlatforms) = postSolution
		{055C0C90-7F93-4FA7-B70C-09F924238534}.Debug|Any CPU.ActiveCfg = Debug|Any CPU
		{055C0C90-7F93-4FA7-B70C-09F924238534}.Debug|Any CPU.Build.0 = Debug|Any CPU
		{055C0C90-7F93-4FA7-B70C-09F924238534}.Release|Any CPU.ActiveCfg = Release|Any CPU
		{055C0C90-7F93-4FA7-B70C-09F924238534}.Release|Any CPU.Build.0 = Release|Any CPU
		{30CDD1CE-F467-45C6-84F1-0F5E7DC050D7}.Debug|Any CPU.ActiveCfg = Debug|Any CPU
		{30CDD1CE-F467-45C6-84F1-0F5E7DC050D7}.Debug|Any CPU.Build.0 = Debug|Any CPU
		{30CDD1CE-F467-45C6-84F1-0F5E7DC050D7}.Release|Any CPU.ActiveCfg = Release|Any CPU
		{30CDD1CE-F467-45C6-84F1-0F5E7DC050D7}.Release|Any CPU.Build.0 = Release|Any CPU
		{E281142F-A9C2-4ADB-887E-A0C90EF8AF8D}.Debug|Any CPU.ActiveCfg = Debug|Any CPU
		{E281142F-A9C2-4ADB-887E-A0C90EF8AF8D}.Debug|Any CPU.Build.0 = Debug|Any CPU
		{E281142F-A9C2-4ADB-887E-A0C90EF8AF8D}.Release|Any CPU.ActiveCfg = Release|Any CPU
		{E281142F-A9C2-4ADB-887E-A0C90EF8AF8D}.Release|Any CPU.Build.0 = Release|Any CPU
	EndGlobalSection
	GlobalSection(SolutionProperties) = preSolution
		HideSolutionNode = FALSE
	EndGlobalSection
	GlobalSection(ExtensibilityGlobals) = postSolution
		SolutionGuid = {B7BC77D1-8BD6-42EE-A8A4-ABB15D3B702F}
	EndGlobalSection
EndGlobal
