
Microsoft Visual Studio Solution File, Format Version 12.00
# Visual Studio Version 16
VisualStudioVersion = 16.0.29613.14
MinimumVisualStudioVersion = 10.0.40219.1
Project("{9A19103F-16F7-4668-BE54-9A1E7A4F7556}") = "ex01", "ex01\ex01.csproj", "{B6439A6C-FA5A-410F-A039-6CD0F26C350D}"
EndProject
Project("{FAE04EC0-301F-11D3-BF4B-00C04F79EFBC}") = "ex02", "ex02\ex02.csproj", "{ACAF1AD3-35EC-45A8-85B6-E5B5A8762D51}"
EndProject
Project("{FAE04EC0-301F-11D3-BF4B-00C04F79EFBC}") = "ex03", "ex03\ex03.csproj", "{80D2FBB9-E362-4436-BBFB-38F7BAFCFF7E}"
EndProject
Global
	GlobalSection(SolutionConfigurationPlatforms) = preSolution
		Debug|Any CPU = Debug|Any CPU
		Release|Any CPU = Release|Any CPU
	EndGlobalSection
	GlobalSection(ProjectConfigurationPlatforms) = postSolution
		{B6439A6C-FA5A-410F-A039-6CD0F26C350D}.Debug|Any CPU.ActiveCfg = Debug|Any CPU
		{B6439A6C-FA5A-410F-A039-6CD0F26C350D}.Debug|Any CPU.Build.0 = Debug|Any CPU
		{B6439A6C-FA5A-410F-A039-6CD0F26C350D}.Release|Any CPU.ActiveCfg = Release|Any CPU
		{B6439A6C-FA5A-410F-A039-6CD0F26C350D}.Release|Any CPU.Build.0 = Release|Any CPU
		{ACAF1AD3-35EC-45A8-85B6-E5B5A8762D51}.Debug|Any CPU.ActiveCfg = Debug|Any CPU
		{ACAF1AD3-35EC-45A8-85B6-E5B5A8762D51}.Debug|Any CPU.Build.0 = Debug|Any CPU
		{ACAF1AD3-35EC-45A8-85B6-E5B5A8762D51}.Release|Any CPU.ActiveCfg = Release|Any CPU
		{ACAF1AD3-35EC-45A8-85B6-E5B5A8762D51}.Release|Any CPU.Build.0 = Release|Any CPU
		{80D2FBB9-E362-4436-BBFB-38F7BAFCFF7E}.Debug|Any CPU.ActiveCfg = Debug|Any CPU
		{80D2FBB9-E362-4436-BBFB-38F7BAFCFF7E}.Debug|Any CPU.Build.0 = Debug|Any CPU
		{80D2FBB9-E362-4436-BBFB-38F7BAFCFF7E}.Release|Any CPU.ActiveCfg = Release|Any CPU
		{80D2FBB9-E362-4436-BBFB-38F7BAFCFF7E}.Release|Any CPU.Build.0 = Release|Any CPU
	EndGlobalSection
	GlobalSection(SolutionProperties) = preSolution
		HideSolutionNode = FALSE
	EndGlobalSection
	GlobalSection(ExtensibilityGlobals) = postSolution
		SolutionGuid = {97780EB4-DAB2-430C-8966-8024582A5637}
	EndGlobalSection
EndGlobal
